{
  "name": "@krupnik/button-list",
  "version": "4.0.2",
  "lockfileVersion": 1,
  "requires": true,
  "dependencies": {
    "@babel/runtime": {
      "version": "7.6.2",
      "resolved": "https://registry.npmjs.org/@babel/runtime/-/runtime-7.6.2.tgz",
      "integrity": "sha512-EXxN64agfUqqIGeEjI5dL5z0Sw0ZwWo1mLTi4mQowCZ42O59b7DRpZAnTC6OqdF28wMBMFKNb/4uFGrVaigSpg==",
      "requires": {
        "regenerator-runtime": "^0.13.2"
      }
    },
    "@emotion/hash": {
      "version": "0.7.3",
      "resolved": "https://registry.npmjs.org/@emotion/hash/-/hash-0.7.3.tgz",
      "integrity": "sha512-14ZVlsB9akwvydAdaEnVnvqu6J2P6ySv39hYyl/aoB6w/V+bXX0tay8cF6paqbgZsN2n5Xh15uF4pE+GvE+itw=="
    },
    "@jest/types": {
      "version": "24.9.0",
      "resolved": "https://registry.npmjs.org/@jest/types/-/types-24.9.0.tgz",
      "integrity": "sha512-XKK7ze1apu5JWQ5eZjHITP66AX+QsLlbaJRBGYr8pNzwcAE2JVkwnf0yqjHTsDRcjR0mujy/NmZMXw5kl+kGBw==",
      "dev": true,
      "requires": {
        "@types/istanbul-lib-coverage": "^2.0.0",
        "@types/istanbul-reports": "^1.1.1",
        "@types/yargs": "^13.0.0"
      }
    },
    "@krupnik/button": {
      "version": "30.0.1",
      "resolved": "https://registry.npmjs.org/@krupnik/button/-/button-30.0.1.tgz",
      "integrity": "sha512-G9xlf73RBrzf5LRHV+6JQwVf15GpmiQlhKLScGtKZSYv7SCCxjqBB2ERYuvDPz144twBIXIxygjFhMRnAofgtg==",
      "requires": {
        "@material-ui/core": "^4.7.0"
      }
    },
    "@material-ui/core": {
      "version": "4.7.0",
      "resolved": "https://registry.npmjs.org/@material-ui/core/-/core-4.7.0.tgz",
      "integrity": "sha512-mwLehUo0Q9ZxjuWo7J1uy1/Grh3nRxlOAaWJ3EtKeJP2HwqlSy8bWrcvRQYlapaYIPXa5jN8zWbTwi8Pk30VQg==",
      "requires": {
        "@babel/runtime": "^7.4.4",
        "@material-ui/styles": "^4.6.0",
        "@material-ui/system": "^4.5.2",
        "@material-ui/types": "^4.1.1",
        "@material-ui/utils": "^4.5.2",
        "@types/react-transition-group": "^4.2.0",
        "clsx": "^1.0.2",
        "convert-css-length": "^2.0.1",
        "hoist-non-react-statics": "^3.2.1",
        "normalize-scroll-left": "^0.2.0",
        "popper.js": "^1.14.1",
        "prop-types": "^15.7.2",
        "react-transition-group": "^4.3.0"
      }
    },
    "@material-ui/styles": {
      "version": "4.6.0",
      "resolved": "https://registry.npmjs.org/@material-ui/styles/-/styles-4.6.0.tgz",
      "integrity": "sha512-lqqh4UEMdIYcU1Yth4pQyMTah02uAkg3NOT3MirN9FUexdL8pNA6zCHigEgDSfwmvnXyxHhxTkphfy0DRfnt9w==",
      "requires": {
        "@babel/runtime": "^7.4.4",
        "@emotion/hash": "^0.7.1",
        "@material-ui/types": "^4.1.1",
        "@material-ui/utils": "^4.5.2",
        "clsx": "^1.0.2",
        "csstype": "^2.5.2",
        "hoist-non-react-statics": "^3.2.1",
        "jss": "^10.0.0",
        "jss-plugin-camel-case": "^10.0.0",
        "jss-plugin-default-unit": "^10.0.0",
        "jss-plugin-global": "^10.0.0",
        "jss-plugin-nested": "^10.0.0",
        "jss-plugin-props-sort": "^10.0.0",
        "jss-plugin-rule-value-function": "^10.0.0",
        "jss-plugin-vendor-prefixer": "^10.0.0",
        "prop-types": "^15.7.2"
      }
    },
    "@material-ui/system": {
      "version": "4.5.2",
      "resolved": "https://registry.npmjs.org/@material-ui/system/-/system-4.5.2.tgz",
      "integrity": "sha512-h9RWvdM9XKlHHqwiuhyvWdobptQkHli+m2jJFs7i1AI/hmGsIc4reDmS7fInhETgt/Txx7uiAIznfRNIIVHmQw==",
      "requires": {
        "@babel/runtime": "^7.4.4",
        "@material-ui/utils": "^4.5.2",
        "prop-types": "^15.7.2"
      }
    },
    "@material-ui/types": {
      "version": "4.1.1",
      "resolved": "https://registry.npmjs.org/@material-ui/types/-/types-4.1.1.tgz",
      "integrity": "sha512-AN+GZNXytX9yxGi0JOfxHrRTbhFybjUJ05rnsBVjcB+16e466Z0Xe5IxawuOayVZgTBNDxmPKo5j4V6OnMtaSQ==",
      "requires": {
        "@types/react": "*"
      }
    },
    "@material-ui/utils": {
      "version": "4.5.2",
      "resolved": "https://registry.npmjs.org/@material-ui/utils/-/utils-4.5.2.tgz",
      "integrity": "sha512-zhbNfHd1gLa8At6RPDG7uMZubHxbY+LtM6IkSfeWi6Lo4Ax80l62YaN1QmUpO1IvGCkn/j62tQX3yObiQZrJsQ==",
      "requires": {
        "@babel/runtime": "^7.4.4",
        "prop-types": "^15.7.2",
        "react-is": "^16.8.6"
      }
    },
    "@sheerun/mutationobserver-shim": {
      "version": "0.3.2",
      "resolved": "https://registry.npmjs.org/@sheerun/mutationobserver-shim/-/mutationobserver-shim-0.3.2.tgz",
      "integrity": "sha512-vTCdPp/T/Q3oSqwHmZ5Kpa9oI7iLtGl3RQaA/NyLHikvcrPxACkkKVr/XzkSPJWXHRhKGzVvb0urJsbMlRxi1Q==",
      "dev": true
    },
    "@testing-library/dom": {
      "version": "6.5.0",
      "resolved": "https://registry.npmjs.org/@testing-library/dom/-/dom-6.5.0.tgz",
      "integrity": "sha512-3lQx248dhJzvV2a76F1VaqehX+iquSVVW27caDaLoQZdUHEZjB370n7FO2WoYwOQQ7NB10AvfPhrARYnNgvf1g==",
      "dev": true,
      "requires": {
        "@babel/runtime": "^7.5.5",
        "@sheerun/mutationobserver-shim": "^0.3.2",
        "@types/testing-library__dom": "^6.0.0",
        "aria-query": "3.0.0",
        "pretty-format": "^24.8.0",
        "wait-for-expect": "^1.3.0"
      }
    },
    "@testing-library/react": {
      "version": "9.3.0",
      "resolved": "https://registry.npmjs.org/@testing-library/react/-/react-9.3.0.tgz",
      "integrity": "sha512-FTPCwmLo0tLtP50Au2uGz4/N1BcJTnBx4StDVHZ47zPMEj1/+J2rk/RTj8SLoHRKWCtcmhN4wRmudOXQNP29/w==",
      "dev": true,
      "requires": {
        "@babel/runtime": "^7.6.0",
        "@testing-library/dom": "^6.3.0",
        "@types/testing-library__react": "^9.1.0"
      }
    },
    "@types/istanbul-lib-coverage": {
      "version": "2.0.1",
      "resolved": "https://registry.npmjs.org/@types/istanbul-lib-coverage/-/istanbul-lib-coverage-2.0.1.tgz",
      "integrity": "sha512-hRJD2ahnnpLgsj6KWMYSrmXkM3rm2Dl1qkx6IOFD5FnuNPXJIG5L0dhgKXCYTRMGzU4n0wImQ/xfmRc4POUFlg==",
      "dev": true
    },
    "@types/istanbul-lib-report": {
      "version": "1.1.1",
      "resolved": "https://registry.npmjs.org/@types/istanbul-lib-report/-/istanbul-lib-report-1.1.1.tgz",
      "integrity": "sha512-3BUTyMzbZa2DtDI2BkERNC6jJw2Mr2Y0oGI7mRxYNBPxppbtEK1F66u3bKwU2g+wxwWI7PAoRpJnOY1grJqzHg==",
      "dev": true,
      "requires": {
        "@types/istanbul-lib-coverage": "*"
      }
    },
    "@types/istanbul-reports": {
      "version": "1.1.1",
      "resolved": "https://registry.npmjs.org/@types/istanbul-reports/-/istanbul-reports-1.1.1.tgz",
      "integrity": "sha512-UpYjBi8xefVChsCoBpKShdxTllC9pwISirfoZsUa2AAdQg/Jd2KQGtSbw+ya7GPo7x/wAPlH6JBhKhAsXUEZNA==",
      "dev": true,
      "requires": {
        "@types/istanbul-lib-coverage": "*",
        "@types/istanbul-lib-report": "*"
      }
    },
    "@types/prop-types": {
      "version": "15.7.3",
      "resolved": "https://registry.npmjs.org/@types/prop-types/-/prop-types-15.7.3.tgz",
      "integrity": "sha512-KfRL3PuHmqQLOG+2tGpRO26Ctg+Cq1E01D2DMriKEATHgWLfeNDmq9e29Q9WIky0dQ3NPkd1mzYH8Lm936Z9qw=="
    },
    "@types/react": {
      "version": "16.9.5",
      "resolved": "https://registry.npmjs.org/@types/react/-/react-16.9.5.tgz",
      "integrity": "sha512-jQ12VMiFOWYlp+j66dghOWcmDDwhca0bnlcTxS4Qz/fh5gi6wpaZDthPEu/Gc/YlAuO87vbiUXL8qKstFvuOaA==",
      "requires": {
        "@types/prop-types": "*",
        "csstype": "^2.2.0"
      }
    },
    "@types/react-dom": {
      "version": "16.9.1",
      "resolved": "https://registry.npmjs.org/@types/react-dom/-/react-dom-16.9.1.tgz",
      "integrity": "sha512-1S/akvkKr63qIUWVu5IKYou2P9fHLb/P2VAwyxVV85JGaGZTcUniMiTuIqM3lXFB25ej6h+CYEQ27ERVwi6eGA==",
      "dev": true,
      "requires": {
        "@types/react": "*"
      }
    },
    "@types/react-transition-group": {
      "version": "4.2.3",
      "resolved": "https://registry.npmjs.org/@types/react-transition-group/-/react-transition-group-4.2.3.tgz",
      "integrity": "sha512-Hk8jiuT7iLOHrcjKP/ZVSyCNXK73wJAUz60xm0mVhiRujrdiI++j4duLiL282VGxwAgxetHQFfqA29LgEeSkFA==",
      "requires": {
        "@types/react": "*"
      }
    },
    "@types/testing-library__dom": {
      "version": "6.5.0",
      "resolved": "https://registry.npmjs.org/@types/testing-library__dom/-/testing-library__dom-6.5.0.tgz",
      "integrity": "sha512-VgfB4rXWA7jAHbmTM4yAZeaxsh/YBd0qIuOZ7v1+17V6poO0KxdH6bq95O2+EiGwuAkS7Lcm1gh5sI7gUjAkxw==",
      "dev": true,
      "requires": {
        "pretty-format": "^24.3.0"
      }
    },
    "@types/testing-library__react": {
      "version": "9.1.1",
      "resolved": "https://registry.npmjs.org/@types/testing-library__react/-/testing-library__react-9.1.1.tgz",
      "integrity": "sha512-8/toTJaIlS3BC7JrK2ElTnbjH8tmFP7atdL2ZsIa1JDmH9RKSm/7Wp5oMDJzXoWr988Mv7ym/XZ8LRglyoGCGw==",
      "dev": true,
      "requires": {
        "@types/react-dom": "*",
        "@types/testing-library__dom": "*"
      }
    },
    "@types/yargs": {
      "version": "13.0.3",
      "resolved": "https://registry.npmjs.org/@types/yargs/-/yargs-13.0.3.tgz",
      "integrity": "sha512-K8/LfZq2duW33XW/tFwEAfnZlqIfVsoyRB3kfXdPXYhl0nfM8mmh7GS0jg7WrX2Dgq/0Ha/pR1PaR+BvmWwjiQ==",
      "dev": true,
      "requires": {
        "@types/yargs-parser": "*"
      }
    },
    "@types/yargs-parser": {
      "version": "13.1.0",
      "resolved": "https://registry.npmjs.org/@types/yargs-parser/-/yargs-parser-13.1.0.tgz",
      "integrity": "sha512-gCubfBUZ6KxzoibJ+SCUc/57Ms1jz5NjHe4+dI2krNmU5zCPAphyLJYyTOg06ueIyfj+SaCUqmzun7ImlxDcKg==",
      "dev": true
    },
    "ansi-regex": {
      "version": "4.1.0",
      "resolved": "https://registry.npmjs.org/ansi-regex/-/ansi-regex-4.1.0.tgz",
      "integrity": "sha512-1apePfXM1UOSqw0o9IiFAovVz9M5S1Dg+4TrDwfMewQ6p/rmMueb7tWZjQ1rx4Loy1ArBggoqGpfqqdI4rondg==",
      "dev": true
    },
    "ansi-styles": {
      "version": "3.2.1",
      "resolved": "https://registry.npmjs.org/ansi-styles/-/ansi-styles-3.2.1.tgz",
      "integrity": "sha512-VT0ZI6kZRdTh8YyJw3SMbYm/u+NqfsAxEpWO0Pf9sq8/e94WxxOpPKx9FR1FlyCtOVDNOQ+8ntlqFxiRc+r5qA==",
      "dev": true,
      "requires": {
        "color-convert": "^1.9.0"
      }
    },
    "aria-query": {
      "version": "3.0.0",
      "resolved": "https://registry.npmjs.org/aria-query/-/aria-query-3.0.0.tgz",
      "integrity": "sha1-ZbP8wcoRVajJrmTW7uKX8V1RM8w=",
      "dev": true,
      "requires": {
        "ast-types-flow": "0.0.7",
        "commander": "^2.11.0"
      }
    },
    "ast-types-flow": {
      "version": "0.0.7",
      "resolved": "https://registry.npmjs.org/ast-types-flow/-/ast-types-flow-0.0.7.tgz",
      "integrity": "sha1-9wtzXGvKGlycItmCw+Oef+ujva0=",
      "dev": true
    },
    "clsx": {
      "version": "1.0.4",
      "resolved": "https://registry.npmjs.org/clsx/-/clsx-1.0.4.tgz",
      "integrity": "sha512-1mQ557MIZTrL/140j+JVdRM6e31/OA4vTYxXgqIIZlndyfjHpyawKZia1Im05Vp9BWmImkcNrNtFYQMyFcgJDg=="
    },
    "color-convert": {
      "version": "1.9.3",
      "resolved": "https://registry.npmjs.org/color-convert/-/color-convert-1.9.3.tgz",
      "integrity": "sha512-QfAUtd+vFdAtFQcC8CCyYt1fYWxSqAiK2cSD6zDB8N3cpsEBAvRxp9zOGg6G/SHHJYAT88/az/IuDGALsNVbGg==",
      "dev": true,
      "requires": {
        "color-name": "1.1.3"
      }
    },
    "color-name": {
      "version": "1.1.3",
      "resolved": "https://registry.npmjs.org/color-name/-/color-name-1.1.3.tgz",
      "integrity": "sha1-p9BVi9icQveV3UIyj3QIMcpTvCU=",
      "dev": true
    },
    "commander": {
      "version": "2.20.1",
      "resolved": "https://registry.npmjs.org/commander/-/commander-2.20.1.tgz",
      "integrity": "sha512-cCuLsMhJeWQ/ZpsFTbE765kvVfoeSddc4nU3up4fV+fDBcfUXnbITJ+JzhkdjzOqhURjZgujxaioam4RM9yGUg==",
      "dev": true
    },
    "convert-css-length": {
      "version": "2.0.1",
      "resolved": "https://registry.npmjs.org/convert-css-length/-/convert-css-length-2.0.1.tgz",
      "integrity": "sha512-iGpbcvhLPRKUbBc0Quxx7w/bV14AC3ItuBEGMahA5WTYqB8lq9jH0kTXFheCBASsYnqeMFZhiTruNxr1N59Axg=="
    },
    "css-vendor": {
      "version": "2.0.7",
      "resolved": "https://registry.npmjs.org/css-vendor/-/css-vendor-2.0.7.tgz",
      "integrity": "sha512-VS9Rjt79+p7M0WkPqcAza4Yq1ZHrsHrwf7hPL/bjQB+c1lwmAI+1FXxYTYt818D/50fFVflw0XKleiBN5RITkg==",
      "requires": {
        "@babel/runtime": "^7.6.2",
        "is-in-browser": "^1.0.2"
      }
    },
    "csstype": {
      "version": "2.6.7",
      "resolved": "https://registry.npmjs.org/csstype/-/csstype-2.6.7.tgz",
      "integrity": "sha512-9Mcn9sFbGBAdmimWb2gLVDtFJzeKtDGIr76TUqmjZrw9LFXBMSU70lcs+C0/7fyCd6iBDqmksUcCOUIkisPHsQ=="
    },
    "dom-helpers": {
      "version": "5.1.3",
      "resolved": "https://registry.npmjs.org/dom-helpers/-/dom-helpers-5.1.3.tgz",
      "integrity": "sha512-nZD1OtwfWGRBWlpANxacBEZrEuLa16o1nh7YopFWeoF68Zt8GGEmzHu6Xv4F3XaFIC+YXtTLrzgqKxFgLEe4jw==",
      "requires": {
        "@babel/runtime": "^7.6.3",
        "csstype": "^2.6.7"
      },
      "dependencies": {
        "@babel/runtime": {
          "version": "7.7.4",
          "resolved": "https://registry.npmjs.org/@babel/runtime/-/runtime-7.7.4.tgz",
          "integrity": "sha512-r24eVUUr0QqNZa+qrImUk8fn5SPhHq+IfYvIoIMg0do3GdK9sMdiLKP3GYVVaxpPKORgm8KRKaNTEhAjgIpLMw==",
          "requires": {
            "regenerator-runtime": "^0.13.2"
          }
        }
      }
    },
    "hoist-non-react-statics": {
      "version": "3.3.1",
      "resolved": "https://registry.npmjs.org/hoist-non-react-statics/-/hoist-non-react-statics-3.3.1.tgz",
      "integrity": "sha512-wbg3bpgA/ZqWrZuMOeJi8+SKMhr7X9TesL/rXMjTzh0p0JUBo3II8DHboYbuIXWRlttrUFxwcu/5kygrCw8fJw==",
      "requires": {
        "react-is": "^16.7.0"
      }
    },
    "hyphenate-style-name": {
      "version": "1.0.3",
      "resolved": "https://registry.npmjs.org/hyphenate-style-name/-/hyphenate-style-name-1.0.3.tgz",
      "integrity": "sha512-EcuixamT82oplpoJ2XU4pDtKGWQ7b00CD9f1ug9IaQ3p1bkHMiKCZ9ut9QDI6qsa6cpUuB+A/I+zLtdNK4n2DQ=="
    },
    "is-in-browser": {
      "version": "1.1.3",
      "resolved": "https://registry.npmjs.org/is-in-browser/-/is-in-browser-1.1.3.tgz",
      "integrity": "sha1-Vv9NtoOgeMYILrldrX3GLh0E+DU="
    },
    "js-tokens": {
      "version": "4.0.0",
      "resolved": "https://registry.npmjs.org/js-tokens/-/js-tokens-4.0.0.tgz",
      "integrity": "sha512-RdJUflcE3cUzKiMqQgsCu06FPu9UdIJO0beYbPhHN4k6apgJtifcoCtT9bcxOpYBtpD2kCM6Sbzg4CausW/PKQ=="
    },
    "jss": {
      "version": "10.0.0",
      "resolved": "https://registry.npmjs.org/jss/-/jss-10.0.0.tgz",
      "integrity": "sha512-TPpDFsiBjuERiL+dFDq8QCdiF9oDasPcNqCKLGCo/qED3fNYOQ8PX2lZhknyTiAt3tZrfOFbb0lbQ9lTjPZxsQ==",
      "requires": {
        "@babel/runtime": "^7.3.1",
        "csstype": "^2.6.5",
        "is-in-browser": "^1.1.3",
        "tiny-warning": "^1.0.2"
      }
    },
    "jss-plugin-camel-case": {
      "version": "10.0.0",
      "resolved": "https://registry.npmjs.org/jss-plugin-camel-case/-/jss-plugin-camel-case-10.0.0.tgz",
      "integrity": "sha512-yALDL00+pPR4FJh+k07A8FeDvfoPPuXU48HLy63enAubcVd3DnS+2rgqPXglHDGixIDVkCSXecl/l5GAMjzIbA==",
      "requires": {
        "@babel/runtime": "^7.3.1",
        "hyphenate-style-name": "^1.0.3",
        "jss": "10.0.0"
      }
    },
    "jss-plugin-default-unit": {
      "version": "10.0.0",
      "resolved": "https://registry.npmjs.org/jss-plugin-default-unit/-/jss-plugin-default-unit-10.0.0.tgz",
      "integrity": "sha512-sURozIOdCtGg9ap18erQ+ijndAfEGtTaetxfU3H4qwC18Bi+fdvjlY/ahKbuu0ASs7R/+WKCP7UaRZOjUDMcdQ==",
      "requires": {
        "@babel/runtime": "^7.3.1",
        "jss": "10.0.0"
      }
    },
    "jss-plugin-global": {
      "version": "10.0.0",
      "resolved": "https://registry.npmjs.org/jss-plugin-global/-/jss-plugin-global-10.0.0.tgz",
      "integrity": "sha512-80ofWKSQUo62bxLtRoTNe0kFPtHgUbAJeOeR36WEGgWIBEsXLyXOnD5KNnjPqG4heuEkz9eSLccjYST50JnI7Q==",
      "requires": {
        "@babel/runtime": "^7.3.1",
        "jss": "10.0.0"
      }
    },
    "jss-plugin-nested": {
      "version": "10.0.0",
      "resolved": "https://registry.npmjs.org/jss-plugin-nested/-/jss-plugin-nested-10.0.0.tgz",
      "integrity": "sha512-waxxwl/po1hN3azTyixKnr8ReEqUv5WK7WsO+5AWB0bFndML5Yqnt8ARZ90HEg8/P6WlqE/AB2413TkCRZE8bA==",
      "requires": {
        "@babel/runtime": "^7.3.1",
        "jss": "10.0.0",
        "tiny-warning": "^1.0.2"
      }
    },
    "jss-plugin-props-sort": {
      "version": "10.0.0",
      "resolved": "https://registry.npmjs.org/jss-plugin-props-sort/-/jss-plugin-props-sort-10.0.0.tgz",
      "integrity": "sha512-41mf22CImjwNdtOG3r+cdC8+RhwNm616sjHx5YlqTwtSJLyLFinbQC/a4PIFk8xqf1qpFH1kEAIw+yx9HaqZ3g==",
      "requires": {
        "@babel/runtime": "^7.3.1",
        "jss": "10.0.0"
      }
    },
    "jss-plugin-rule-value-function": {
      "version": "10.0.0",
      "resolved": "https://registry.npmjs.org/jss-plugin-rule-value-function/-/jss-plugin-rule-value-function-10.0.0.tgz",
      "integrity": "sha512-Jw+BZ8JIw1f12V0SERqGlBT1JEPWax3vuZpMym54NAXpPb7R1LYHiCTIlaJUyqvIfEy3kiHMtgI+r2whGgRIxQ==",
      "requires": {
        "@babel/runtime": "^7.3.1",
        "jss": "10.0.0"
      }
    },
    "jss-plugin-vendor-prefixer": {
      "version": "10.0.0",
      "resolved": "https://registry.npmjs.org/jss-plugin-vendor-prefixer/-/jss-plugin-vendor-prefixer-10.0.0.tgz",
      "integrity": "sha512-qslqvL0MUbWuzXJWdUxpj6mdNUX8jr4FFTo3aZnAT65nmzWL7g8oTr9ZxmTXXgdp7ANhS1QWE7036/Q2isFBpw==",
      "requires": {
        "@babel/runtime": "^7.3.1",
        "css-vendor": "^2.0.6",
        "jss": "10.0.0"
      }
    },
    "loose-envify": {
      "version": "1.4.0",
      "resolved": "https://registry.npmjs.org/loose-envify/-/loose-envify-1.4.0.tgz",
      "integrity": "sha512-lyuxPGr/Wfhrlem2CL/UcnUc1zcqKAImBDzukY7Y5F/yQiNdko6+fRLevlw1HgMySw7f611UIY408EtxRSoK3Q==",
      "requires": {
        "js-tokens": "^3.0.0 || ^4.0.0"
      }
    },
    "normalize-scroll-left": {
      "version": "0.2.0",
      "resolved": "https://registry.npmjs.org/normalize-scroll-left/-/normalize-scroll-left-0.2.0.tgz",
      "integrity": "sha512-t5oCENZJl8TGusJKoCJm7+asaSsPuNmK6+iEjrZ5TyBj2f02brCRsd4c83hwtu+e5d4LCSBZ0uoDlMjBo+A8yA=="
    },
    "object-assign": {
      "version": "4.1.1",
      "resolved": "https://registry.npmjs.org/object-assign/-/object-assign-4.1.1.tgz",
      "integrity": "sha1-IQmtx5ZYh8/AXLvUQsrIv7s2CGM="
    },
    "popper.js": {
      "version": "1.16.0",
      "resolved": "https://registry.npmjs.org/popper.js/-/popper.js-1.16.0.tgz",
      "integrity": "sha512-+G+EkOPoE5S/zChTpmBSSDYmhXJ5PsW8eMhH8cP/CQHMFPBG/kC9Y5IIw6qNYgdJ+/COf0ddY2li28iHaZRSjw=="
    },
    "pretty-format": {
      "version": "24.9.0",
      "resolved": "https://registry.npmjs.org/pretty-format/-/pretty-format-24.9.0.tgz",
      "integrity": "sha512-00ZMZUiHaJrNfk33guavqgvfJS30sLYf0f8+Srklv0AMPodGGHcoHgksZ3OThYnIvOd+8yMCn0YiEOogjlgsnA==",
      "dev": true,
      "requires": {
        "@jest/types": "^24.9.0",
        "ansi-regex": "^4.0.0",
        "ansi-styles": "^3.2.0",
        "react-is": "^16.8.4"
      }
    },
    "prop-types": {
      "version": "15.7.2",
      "resolved": "https://registry.npmjs.org/prop-types/-/prop-types-15.7.2.tgz",
      "integrity": "sha512-8QQikdH7//R2vurIJSutZ1smHYTcLpRWEOlHnzcWHmBYrOGUysKwSsrC89BCiFj3CbrfJ/nXFdJepOVrY1GCHQ==",
      "requires": {
        "loose-envify": "^1.4.0",
        "object-assign": "^4.1.1",
        "react-is": "^16.8.1"
      }
    },
    "react": {
      "version": "16.10.2",
      "resolved": "https://registry.npmjs.org/react/-/react-16.10.2.tgz",
      "integrity": "sha512-MFVIq0DpIhrHFyqLU0S3+4dIcBhhOvBE8bJ/5kHPVOVaGdo0KuiQzpcjCPsf585WvhypqtrMILyoE2th6dT+Lw==",
      "dev": true,
      "requires": {
        "loose-envify": "^1.1.0",
        "object-assign": "^4.1.1",
        "prop-types": "^15.6.2"
      }
    },
    "react-dom": {
      "version": "16.10.2",
      "resolved": "https://registry.npmjs.org/react-dom/-/react-dom-16.10.2.tgz",
      "integrity": "sha512-kWGDcH3ItJK4+6Pl9DZB16BXYAZyrYQItU4OMy0jAkv5aNqc+mAKb4TpFtAteI6TJZu+9ZlNhaeNQSVQDHJzkw==",
      "dev": true,
      "requires": {
        "loose-envify": "^1.1.0",
        "object-assign": "^4.1.1",
        "prop-types": "^15.6.2",
        "scheduler": "^0.16.2"
      }
    },
    "react-is": {
      "version": "16.10.2",
      "resolved": "https://registry.npmjs.org/react-is/-/react-is-16.10.2.tgz",
      "integrity": "sha512-INBT1QEgtcCCgvccr5/86CfD71fw9EPmDxgiJX4I2Ddr6ZsV6iFXsuby+qWJPtmNuMY0zByTsG4468P7nHuNWA=="
    },
    "react-transition-group": {
      "version": "4.3.0",
      "resolved": "https://registry.npmjs.org/react-transition-group/-/react-transition-group-4.3.0.tgz",
      "integrity": "sha512-1qRV1ZuVSdxPlPf4O8t7inxUGpdyO5zG9IoNfJxSO0ImU2A1YWkEQvFPuIPZmMLkg5hYs7vv5mMOyfgSkvAwvw==",
      "requires": {
        "@babel/runtime": "^7.5.5",
        "dom-helpers": "^5.0.1",
        "loose-envify": "^1.4.0",
        "prop-types": "^15.6.2"
      }
    },
    "regenerator-runtime": {
      "version": "0.13.3",
      "resolved": "https://registry.npmjs.org/regenerator-runtime/-/regenerator-runtime-0.13.3.tgz",
      "integrity": "sha512-naKIZz2GQ8JWh///G7L3X6LaQUAMp2lvb1rvwwsURe/VXwD6VMfr+/1NuNw3ag8v2kY1aQ/go5SNn79O9JU7yw=="
    },
    "scheduler": {
      "version": "0.16.2",
      "resolved": "https://registry.npmjs.org/scheduler/-/scheduler-0.16.2.tgz",
      "integrity": "sha512-BqYVWqwz6s1wZMhjFvLfVR5WXP7ZY32M/wYPo04CcuPM7XZEbV2TBNW7Z0UkguPTl0dWMA59VbNXxK6q+pHItg==",
      "dev": true,
      "requires": {
        "loose-envify": "^1.1.0",
        "object-assign": "^4.1.1"
      }
    },
    "tiny-warning": {
      "version": "1.0.3",
      "resolved": "https://registry.npmjs.org/tiny-warning/-/tiny-warning-1.0.3.tgz",
      "integrity": "sha512-lBN9zLN/oAf68o3zNXYrdCt1kP8WsiGW8Oo2ka41b2IM5JL/S1CTyX1rW0mb/zSuJun0ZUrDxx4sqvYS2FWzPA=="
    },
    "wait-for-expect": {
      "version": "1.3.0",
      "resolved": "https://registry.npmjs.org/wait-for-expect/-/wait-for-expect-1.3.0.tgz",
      "integrity": "sha512-8fJU7jiA96HfGPt+P/UilelSAZfhMBJ52YhKzlmZQvKEZU2EcD1GQ0yqGB6liLdHjYtYAoGVigYwdxr5rktvzA==",
      "dev": true
    }
  }
}
